
Microsoft Visual Studio Solution File, Format Version 12.00
# Visual Studio Version 17
VisualStudioVersion = 17.2.32526.322
MinimumVisualStudioVersion = 10.0.40219.1
Project("{FAE04EC0-301F-11D3-BF4B-00C04F79EFBC}") = "Spinner6ColorCubeQuad", "Spinner6ColorCubeQuad\Spinner6ColorCubeQuad.csproj", "{98BCB9FE-BB2F-462A-9104-63826DE1B56A}"
EndProject
Global
	GlobalSection(SolutionConfigurationPlatforms) = preSolution
		Debug|Any CPU = Debug|Any CPU
		Release|Any CPU = Release|Any CPU
	EndGlobalSection
	GlobalSection(ProjectConfigurationPlatforms) = postSolution
		{98BCB9FE-BB2F-462A-9104-63826DE1B56A}.Debug|Any CPU.ActiveCfg = Debug|Any CPU
		{98BCB9FE-BB2F-462A-9104-63826DE1B56A}.Debug|Any CPU.Build.0 = Debug|Any CPU
		{98BCB9FE-BB2F-462A-9104-63826DE1B56A}.Release|Any CPU.ActiveCfg = Release|Any CPU
		{98BCB9FE-BB2F-462A-9104-63826DE1B56A}.Release|Any CPU.Build.0 = Release|Any CPU
	EndGlobalSection
	GlobalSection(SolutionProperties) = preSolution
		HideSolutionNode = FALSE
	EndGlobalSection
	GlobalSection(ExtensibilityGlobals) = postSolution
		SolutionGuid = {C4C7D74A-7265-4CF3-9D2D-9A174FB1E2DE}
	EndGlobalSection
EndGlobal
